
Microsoft Visual Studio Solution File, Format Version 12.00
# Visual Studio Version 17
VisualStudioVersion = 17.8.34330.188
MinimumVisualStudioVersion = 10.0.40219.1
Project("{FAE04EC0-301F-11D3-BF4B-00C04F79EFBC}") = "LibPBL", "LibPBL\LibPBL.csproj", "{9DFC841F-065C-4E5F-B15C-27F7764FA40C}"
EndProject
Global
	GlobalSection(SolutionConfigurationPlatforms) = preSolution
		Debug|Any CPU = Debug|Any CPU
		Release|Any CPU = Release|Any CPU
	EndGlobalSection
	GlobalSection(ProjectConfigurationPlatforms) = postSolution
		{9DFC841F-065C-4E5F-B15C-27F7764FA40C}.Debug|Any CPU.ActiveCfg = Debug|Any CPU
		{9DFC841F-065C-4E5F-B15C-27F7764FA40C}.Debug|Any CPU.Build.0 = Debug|Any CPU
		{9DFC841F-065C-4E5F-B15C-27F7764FA40C}.Release|Any CPU.ActiveCfg = Release|Any CPU
		{9DFC841F-065C-4E5F-B15C-27F7764FA40C}.Release|Any CPU.Build.0 = Release|Any CPU
	EndGlobalSection
	GlobalSection(SolutionProperties) = preSolution
		HideSolutionNode = FALSE
	EndGlobalSection
	GlobalSection(ExtensibilityGlobals) = postSolution
		SolutionGuid = {DA034946-44EA-4486-938C-3E17BBBE64AF}
	EndGlobalSection
EndGlobal
